// !$*UTF8*$!
{
	archiveVersion = 1;
	classes = {
	};
	objectVersion = 46;
	objects = {

/* Begin PBXBuildFile section */
		B261DED21A8CA55D0030D18B /* AnimationHelper.swift in Sources */ = {isa = PBXBuildFile; fileRef = B261DED11A8CA55D0030D18B /* AnimationHelper.swift */; };
		B2CF32AC1A8B8119005A20FB /* AppDelegate.swift in Sources */ = {isa = PBXBuildFile; fileRef = B2CF32AB1A8B8119005A20FB /* AppDelegate.swift */; };
		B2CF32AE1A8B8119005A20FB /* ViewController.swift in Sources */ = {isa = PBXBuildFile; fileRef = B2CF32AD1A8B8119005A20FB /* ViewController.swift */; };
		B2CF32B11A8B8119005A20FB /* Main.storyboard in Resources */ = {isa = PBXBuildFile; fileRef = B2CF32AF1A8B8119005A20FB /* Main.storyboard */; };
		B2CF32B31A8B8119005A20FB /* Images.xcassets in Resources */ = {isa = PBXBuildFile; fileRef = B2CF32B21A8B8119005A20FB /* Images.xcassets */; };
		B2CF32B61A8B8119005A20FB /* LaunchScreen.xib in Resources */ = {isa = PBXBuildFile; fileRef = B2CF32B41A8B8119005A20FB /* LaunchScreen.xib */; };
		B2CF32C21A8B8119005A20FB /* TransitionManagerTests.swift in Sources */ = {isa = PBXBuildFile; fileRef = B2CF32C11A8B8119005A20FB /* TransitionManagerTests.swift */; };
		B2CF32CC1A8B8120005A20FB /* TransitionManager.swift in Sources */ = {isa = PBXBuildFile; fileRef = B2CF32CB1A8B8120005A20FB /* TransitionManager.swift */; };
		B2CF32CE1A8B8130005A20FB /* DetailViewController.swift in Sources */ = {isa = PBXBuildFile; fileRef = B2CF32CD1A8B8130005A20FB /* DetailViewController.swift */; };
		B2D04D0E1A8CA42200F48F0E /* TransitionAnimations.swift in Sources */ = {isa = PBXBuildFile; fileRef = B2D04D0D1A8CA42200F48F0E /* TransitionAnimations.swift */; };
/* End PBXBuildFile section */

/* Begin PBXContainerItemProxy section */
		B2CF32BC1A8B8119005A20FB /* PBXContainerItemProxy */ = {
			isa = PBXContainerItemProxy;
			containerPortal = B2CF329E1A8B8119005A20FB /* Project object */;
			proxyType = 1;
			remoteGlobalIDString = B2CF32A51A8B8119005A20FB;
			remoteInfo = TransitionManager;
		};
/* End PBXContainerItemProxy section */

/* Begin PBXFileReference section */
		B261DED11A8CA55D0030D18B /* AnimationHelper.swift */ = {isa = PBXFileReference; fileEncoding = 4; lastKnownFileType = sourcecode.swift; path = AnimationHelper.swift; sourceTree = "<group>"; };
		B2CF32A61A8B8119005A20FB /* TransitionManager.app */ = {isa = PBXFileReference; explicitFileType = wrapper.application; includeInIndex = 0; path = TransitionManager.app; sourceTree = BUILT_PRODUCTS_DIR; };
		B2CF32AA1A8B8119005A20FB /* Info.plist */ = {isa = PBXFileReference; lastKnownFileType = text.plist.xml; path = Info.plist; sourceTree = "<group>"; };
		B2CF32AB1A8B8119005A20FB /* AppDelegate.swift */ = {isa = PBXFileReference; lastKnownFileType = sourcecode.swift; path = AppDelegate.swift; sourceTree = "<group>"; };
		B2CF32AD1A8B8119005A20FB /* ViewController.swift */ = {isa = PBXFileReference; lastKnownFileType = sourcecode.swift; path = ViewController.swift; sourceTree = "<group>"; };
		B2CF32B01A8B8119005A20FB /* Base */ = {isa = PBXFileReference; lastKnownFileType = file.storyboard; name = Base; path = Base.lproj/Main.storyboard; sourceTree = "<group>"; };
		B2CF32B21A8B8119005A20FB /* Images.xcassets */ = {isa = PBXFileReference; lastKnownFileType = folder.assetcatalog; path = Images.xcassets; sourceTree = "<group>"; };
		B2CF32B51A8B8119005A20FB /* Base */ = {isa = PBXFileReference; lastKnownFileType = file.xib; name = Base; path = Base.lproj/LaunchScreen.xib; sourceTree = "<group>"; };
		B2CF32BB1A8B8119005A20FB /* TransitionManagerTests.xctest */ = {isa = PBXFileReference; explicitFileType = wrapper.cfbundle; includeInIndex = 0; path = TransitionManagerTests.xctest; sourceTree = BUILT_PRODUCTS_DIR; };
		B2CF32C01A8B8119005A20FB /* Info.plist */ = {isa = PBXFileReference; lastKnownFileType = text.plist.xml; path = Info.plist; sourceTree = "<group>"; };
		B2CF32C11A8B8119005A20FB /* TransitionManagerTests.swift */ = {isa = PBXFileReference; lastKnownFileType = sourcecode.swift; path = TransitionManagerTests.swift; sourceTree = "<group>"; };
		B2CF32CB1A8B8120005A20FB /* TransitionManager.swift */ = {isa = PBXFileReference; fileEncoding = 4; lastKnownFileType = sourcecode.swift; path = TransitionManager.swift; sourceTree = "<group>"; };
		B2CF32CD1A8B8130005A20FB /* DetailViewController.swift */ = {isa = PBXFileReference; fileEncoding = 4; lastKnownFileType = sourcecode.swift; path = DetailViewController.swift; sourceTree = "<group>"; };
		B2D04D0D1A8CA42200F48F0E /* TransitionAnimations.swift */ = {isa = PBXFileReference; fileEncoding = 4; lastKnownFileType = sourcecode.swift; path = TransitionAnimations.swift; sourceTree = "<group>"; };
/* End PBXFileReference section */

/* Begin PBXFrameworksBuildPhase section */
		B2CF32A31A8B8119005A20FB /* Frameworks */ = {
			isa = PBXFrameworksBuildPhase;
			buildActionMask = 2147483647;
			files = (
			);
			runOnlyForDeploymentPostprocessing = 0;
		};
		B2CF32B81A8B8119005A20FB /* Frameworks */ = {
			isa = PBXFrameworksBuildPhase;
			buildActionMask = 2147483647;
			files = (
			);
			runOnlyForDeploymentPostprocessing = 0;
		};
/* End PBXFrameworksBuildPhase section */

/* Begin PBXGroup section */
		B2CF329D1A8B8119005A20FB = {
			isa = PBXGroup;
			children = (
				B2CF32A81A8B8119005A20FB /* TransitionManager */,
				B2CF32BE1A8B8119005A20FB /* TransitionManagerTests */,
				B2CF32A71A8B8119005A20FB /* Products */,
			);
			sourceTree = "<group>";
		};
		B2CF32A71A8B8119005A20FB /* Products */ = {
			isa = PBXGroup;
			children = (
				B2CF32A61A8B8119005A20FB /* TransitionManager.app */,
				B2CF32BB1A8B8119005A20FB /* TransitionManagerTests.xctest */,
			);
			name = Products;
			sourceTree = "<group>";
		};
		B2CF32A81A8B8119005A20FB /* TransitionManager */ = {
			isa = PBXGroup;
			children = (
				B2CF32CB1A8B8120005A20FB /* TransitionManager.swift */,
				B2D04D0D1A8CA42200F48F0E /* TransitionAnimations.swift */,
				B261DED11A8CA55D0030D18B /* AnimationHelper.swift */,
				B2CF32AD1A8B8119005A20FB /* ViewController.swift */,
				B2CF32CD1A8B8130005A20FB /* DetailViewController.swift */,
				B2CF32AF1A8B8119005A20FB /* Main.storyboard */,
				B2CF32A91A8B8119005A20FB /* Supporting Files */,
			);
			path = TransitionManager;
			sourceTree = "<group>";
		};
		B2CF32A91A8B8119005A20FB /* Supporting Files */ = {
			isa = PBXGroup;
			children = (
				B2CF32B21A8B8119005A20FB /* Images.xcassets */,
				B2CF32B41A8B8119005A20FB /* LaunchScreen.xib */,
				B2CF32AB1A8B8119005A20FB /* AppDelegate.swift */,
				B2CF32AA1A8B8119005A20FB /* Info.plist */,
			);
			name = "Supporting Files";
			sourceTree = "<group>";
		};
		B2CF32BE1A8B8119005A20FB /* TransitionManagerTests */ = {
			isa = PBXGroup;
			children = (
				B2CF32C11A8B8119005A20FB /* TransitionManagerTests.swift */,
				B2CF32BF1A8B8119005A20FB /* Supporting Files */,
			);
			path = TransitionManagerTests;
			sourceTree = "<group>";
		};
		B2CF32BF1A8B8119005A20FB /* Supporting Files */ = {
			isa = PBXGroup;
			children = (
				B2CF32C01A8B8119005A20FB /* Info.plist */,
			);
			name = "Supporting Files";
			sourceTree = "<group>";
		};
/* End PBXGroup section */

/* Begin PBXNativeTarget section */
		B2CF32A51A8B8119005A20FB /* TransitionManager */ = {
			isa = PBXNativeTarget;
			buildConfigurationList = B2CF32C51A8B8119005A20FB /* Build configuration list for PBXNativeTarget "TransitionManager" */;
			buildPhases = (
				B2CF32A21A8B8119005A20FB /* Sources */,
				B2CF32A31A8B8119005A20FB /* Frameworks */,
				B2CF32A41A8B8119005A20FB /* Resources */,
			);
			buildRules = (
			);
			dependencies = (
			);
			name = TransitionManager;
			productName = TransitionManager;
			productReference = B2CF32A61A8B8119005A20FB /* TransitionManager.app */;
			productType = "com.apple.product-type.application";
		};
		B2CF32BA1A8B8119005A20FB /* TransitionManagerTests */ = {
			isa = PBXNativeTarget;
			buildConfigurationList = B2CF32C81A8B8119005A20FB /* Build configuration list for PBXNativeTarget "TransitionManagerTests" */;
			buildPhases = (
				B2CF32B71A8B8119005A20FB /* Sources */,
				B2CF32B81A8B8119005A20FB /* Frameworks */,
				B2CF32B91A8B8119005A20FB /* Resources */,
			);
			buildRules = (
			);
			dependencies = (
				B2CF32BD1A8B8119005A20FB /* PBXTargetDependency */,
			);
			name = TransitionManagerTests;
			productName = TransitionManagerTests;
			productReference = B2CF32BB1A8B8119005A20FB /* TransitionManagerTests.xctest */;
			productType = "com.apple.product-type.bundle.unit-test";
		};
/* End PBXNativeTarget section */

/* Begin PBXProject section */
		B2CF329E1A8B8119005A20FB /* Project object */ = {
			isa = PBXProject;
			attributes = {
				LastUpgradeCheck = 0610;
				ORGANIZATIONNAME = "Cem Olcay";
				TargetAttributes = {
					B2CF32A51A8B8119005A20FB = {
						CreatedOnToolsVersion = 6.1.1;
					};
					B2CF32BA1A8B8119005A20FB = {
						CreatedOnToolsVersion = 6.1.1;
						TestTargetID = B2CF32A51A8B8119005A20FB;
					};
				};
			};
			buildConfigurationList = B2CF32A11A8B8119005A20FB /* Build configuration list for PBXProject "TransitionManager" */;
			compatibilityVersion = "Xcode 3.2";
			developmentRegion = English;
			hasScannedForEncodings = 0;
			knownRegions = (
				en,
				Base,
			);
			mainGroup = B2CF329D1A8B8119005A20FB;
			productRefGroup = B2CF32A71A8B8119005A20FB /* Products */;
			projectDirPath = "";
			projectRoot = "";
			targets = (
				B2CF32A51A8B8119005A20FB /* TransitionManager */,
				B2CF32BA1A8B8119005A20FB /* TransitionManagerTests */,
			);
		};
/* End PBXProject section */

/* Begin PBXResourcesBuildPhase section */
		B2CF32A41A8B8119005A20FB /* Resources */ = {
			isa = PBXResourcesBuildPhase;
			buildActionMask = 2147483647;
			files = (
				B2CF32B11A8B8119005A20FB /* Main.storyboard in Resources */,
				B2CF32B61A8B8119005A20FB /* LaunchScreen.xib in Resources */,
				B2CF32B31A8B8119005A20FB /* Images.xcassets in Resources */,
			);
			runOnlyForDeploymentPostprocessing = 0;
		};
		B2CF32B91A8B8119005A20FB /* Resources */ = {
			isa = PBXResourcesBuildPhase;
			buildActionMask = 2147483647;
			files = (
			);
			runOnlyForDeploymentPostprocessing = 0;
		};
/* End PBXResourcesBuildPhase section */

/* Begin PBXSourcesBuildPhase section */
		B2CF32A21A8B8119005A20FB /* Sources */ = {
			isa = PBXSourcesBuildPhase;
			buildActionMask = 2147483647;
			files = (
				B2D04D0E1A8CA42200F48F0E /* TransitionAnimations.swift in Sources */,
				B2CF32CC1A8B8120005A20FB /* TransitionManager.swift in Sources */,
				B261DED21A8CA55D0030D18B /* AnimationHelper.swift in Sources */,
				B2CF32AE1A8B8119005A20FB /* ViewController.swift in Sources */,
				B2CF32AC1A8B8119005A20FB /* AppDelegate.swift in Sources */,
				B2CF32CE1A8B8130005A20FB /* DetailViewController.swift in Sources */,
			);
			runOnlyForDeploymentPostprocessing = 0;
		};
		B2CF32B71A8B8119005A20FB /* Sources */ = {
			isa = PBXSourcesBuildPhase;
			buildActionMask = 2147483647;
			files = (
				B2CF32C21A8B8119005A20FB /* TransitionManagerTests.swift in Sources */,
			);
			runOnlyForDeploymentPostprocessing = 0;
		};
/* End PBXSourcesBuildPhase section */

/* Begin PBXTargetDependency section */
		B2CF32BD1A8B8119005A20FB /* PBXTargetDependency */ = {
			isa = PBXTargetDependency;
			target = B2CF32A51A8B8119005A20FB /* TransitionManager */;
			targetProxy = B2CF32BC1A8B8119005A20FB /* PBXContainerItemProxy */;
		};
/* End PBXTargetDependency section */

/* Begin PBXVariantGroup section */
		B2CF32AF1A8B8119005A20FB /* Main.storyboard */ = {
			isa = PBXVariantGroup;
			children = (
				B2CF32B01A8B8119005A20FB /* Base */,
			);
			name = Main.storyboard;
			sourceTree = "<group>";
		};
		B2CF32B41A8B8119005A20FB /* LaunchScreen.xib */ = {
			isa = PBXVariantGroup;
			children = (
				B2CF32B51A8B8119005A20FB /* Base */,
			);
			name = LaunchScreen.xib;
			sourceTree = "<group>";
		};
/* End PBXVariantGroup section */

/* Begin XCBuildConfiguration section */
		B2CF32C31A8B8119005A20FB /* Debug */ = {
			isa = XCBuildConfiguration;
			buildSettings = {
				ALWAYS_SEARCH_USER_PATHS = NO;
				CLANG_CXX_LANGUAGE_STANDARD = "gnu++0x";
				CLANG_CXX_LIBRARY = "libc++";
				CLANG_ENABLE_MODULES = YES;
				CLANG_ENABLE_OBJC_ARC = YES;
				CLANG_WARN_BOOL_CONVERSION = YES;
				CLANG_WARN_CONSTANT_CONVERSION = YES;
				CLANG_WARN_DIRECT_OBJC_ISA_USAGE = YES_ERROR;
				CLANG_WARN_EMPTY_BODY = YES;
				CLANG_WARN_ENUM_CONVERSION = YES;
				CLANG_WARN_INT_CONVERSION = YES;
				CLANG_WARN_OBJC_ROOT_CLASS = YES_ERROR;
				CLANG_WARN_UNREACHABLE_CODE = YES;
				CLANG_WARN__DUPLICATE_METHOD_MATCH = YES;
				"CODE_SIGN_IDENTITY[sdk=iphoneos*]" = "iPhone Developer";
				COPY_PHASE_STRIP = NO;
				ENABLE_STRICT_OBJC_MSGSEND = YES;
				GCC_C_LANGUAGE_STANDARD = gnu99;
				GCC_DYNAMIC_NO_PIC = NO;
				GCC_OPTIMIZATION_LEVEL = 0;
				GCC_PREPROCESSOR_DEFINITIONS = (
					"DEBUG=1",
					"$(inherited)",
				);
				GCC_SYMBOLS_PRIVATE_EXTERN = NO;
				GCC_WARN_64_TO_32_BIT_CONVERSION = YES;
				GCC_WARN_ABOUT_RETURN_TYPE = YES_ERROR;
				GCC_WARN_UNDECLARED_SELECTOR = YES;
				GCC_WARN_UNINITIALIZED_AUTOS = YES_AGGRESSIVE;
				GCC_WARN_UNUSED_FUNCTION = YES;
				GCC_WARN_UNUSED_VARIABLE = YES;
				IPHONEOS_DEPLOYMENT_TARGET = 8.1;
				MTL_ENABLE_DEBUG_INFO = YES;
				ONLY_ACTIVE_ARCH = YES;
				SDKROOT = iphoneos;
				SWIFT_OPTIMIZATION_LEVEL = "-Onone";
				TARGETED_DEVICE_FAMILY = "1,2";
			};
			name = Debug;
		};
		B2CF32C41A8B8119005A20FB /* Release */ = {
			isa = XCBuildConfiguration;
			buildSettings = {
				ALWAYS_SEARCH_USER_PATHS = NO;
				CLANG_CXX_LANGUAGE_STANDARD = "gnu++0x";
				CLANG_CXX_LIBRARY = "libc++";
				CLANG_ENABLE_MODULES = YES;
				CLANG_ENABLE_OBJC_ARC = YES;
				CLANG_WARN_BOOL_CONVERSION = YES;
				CLANG_WARN_CONSTANT_CONVERSION = YES;
				CLANG_WARN_DIRECT_OBJC_ISA_USAGE = YES_ERROR;
				CLANG_WARN_EMPTY_BODY = YES;
				CLANG_WARN_ENUM_CONVERSION = YES;
				CLANG_WARN_INT_CONVERSION = YES;
				CLANG_WARN_OBJC_ROOT_CLASS = YES_ERROR;
				CLANG_WARN_UNREACHABLE_CODE = YES;
				CLANG_WARN__DUPLICATE_METHOD_MATCH = YES;
				"CODE_SIGN_IDENTITY[sdk=iphoneos*]" = "iPhone Developer";
				COPY_PHASE_STRIP = YES;
				ENABLE_NS_ASSERTIONS = NO;
				ENABLE_STRICT_OBJC_MSGSEND = YES;
				GCC_C_LANGUAGE_STANDARD = gnu99;
				GCC_WARN_64_TO_32_BIT_CONVERSION = YES;
				GCC_WARN_ABOUT_RETURN_TYPE = YES_ERROR;
				GCC_WARN_UNDECLARED_SELECTOR = YES;
				GCC_WARN_UNINITIALIZED_AUTOS = YES_AGGRESSIVE;
				GCC_WARN_UNUSED_FUNCTION = YES;
				GCC_WARN_UNUSED_VARIABLE = YES;
				IPHONEOS_DEPLOYMENT_TARGET = 8.1;
				MTL_ENABLE_DEBUG_INFO = NO;
				SDKROOT = iphoneos;
				TARGETED_DEVICE_FAMILY = "1,2";
				VALIDATE_PRODUCT = YES;
			};
			name = Release;
		};
		B2CF32C61A8B8119005A20FB /* Debug */ = {
			isa = XCBuildConfiguration;
			buildSettings = {
				ASSETCATALOG_COMPILER_APPICON_NAME = AppIcon;
				INFOPLIST_FILE = TransitionManager/Info.plist;
				IPHONEOS_DEPLOYMENT_TARGET = 7.1;
				LD_RUNPATH_SEARCH_PATHS = "$(inherited) @executable_path/Frameworks";
				PRODUCT_NAME = "$(TARGET_NAME)";
			};
			name = Debug;
		};
		B2CF32C71A8B8119005A20FB /* Release */ = {
			isa = XCBuildConfiguration;
			buildSettings = {
				ASSETCATALOG_COMPILER_APPICON_NAME = AppIcon;
				INFOPLIST_FILE = TransitionManager/Info.plist;
				IPHONEOS_DEPLOYMENT_TARGET = 7.1;
				LD_RUNPATH_SEARCH_PATHS = "$(inherited) @executable_path/Frameworks";
				PRODUCT_NAME = "$(TARGET_NAME)";
				SWIFT_OPTIMIZATION_LEVEL = "-O";
			};
			name = Release;
		};
		B2CF32C91A8B8119005A20FB /* Debug */ = {
			isa = XCBuildConfiguration;
			buildSettings = {
				BUNDLE_LOADER = "$(TEST_HOST)";
				FRAMEWORK_SEARCH_PATHS = (
					"$(SDKROOT)/Developer/Library/Frameworks",
					"$(inherited)",
				);
				GCC_PREPROCESSOR_DEFINITIONS = (
					"DEBUG=1",
					"$(inherited)",
				);
				INFOPLIST_FILE = TransitionManagerTests/Info.plist;
				LD_RUNPATH_SEARCH_PATHS = "$(inherited) @executable_path/Frameworks @loader_path/Frameworks";
				PRODUCT_NAME = "$(TARGET_NAME)";
				TEST_HOST = "$(BUILT_PRODUCTS_DIR)/TransitionManager.app/TransitionManager";
			};
			name = Debug;
		};
		B2CF32CA1A8B8119005A20FB /* Release */ = {
			isa = XCBuildConfiguration;
			buildSettings = {
				BUNDLE_LOADER = "$(TEST_HOST)";
				FRAMEWORK_SEARCH_PATHS = (
					"$(SDKROOT)/Developer/Library/Frameworks",
					"$(inherited)",
				);
				INFOPLIST_FILE = TransitionManagerTests/Info.plist;
				LD_RUNPATH_SEARCH_PATHS = "$(inherited) @executable_path/Frameworks @loader_path/Frameworks";
				PRODUCT_NAME = "$(TARGET_NAME)";
				TEST_HOST = "$(BUILT_PRODUCTS_DIR)/TransitionManager.app/TransitionManager";
			};
			name = Release;
		};
/* End XCBuildConfiguration section */

/* Begin XCConfigurationList section */
		B2CF32A11A8B8119005A20FB /* Build configuration list for PBXProject "TransitionManager" */ = {
			isa = XCConfigurationList;
			buildConfigurations = (
				B2CF32C31A8B8119005A20FB /* Debug */,
				B2CF32C41A8B8119005A20FB /* Release */,
			);
			defaultConfigurationIsVisible = 0;
			defaultConfigurationName = Release;
		};
		B2CF32C51A8B8119005A20FB /* Build configuration list for PBXNativeTarget "TransitionManager" */ = {
			isa = XCConfigurationList;
			buildConfigurations = (
				B2CF32C61A8B8119005A20FB /* Debug */,
				B2CF32C71A8B8119005A20FB /* Release */,
			);
			defaultConfigurationIsVisible = 0;
			defaultConfigurationName = Release;
		};
		B2CF32C81A8B8119005A20FB /* Build configuration list for PBXNativeTarget "TransitionManagerTests" */ = {
			isa = XCConfigurationList;
			buildConfigurations = (
				B2CF32C91A8B8119005A20FB /* Debug */,
				B2CF32CA1A8B8119005A20FB /* Release */,
			);
			defaultConfigurationIsVisible = 0;
			defaultConfigurationName = Release;
		};
/* End XCConfigurationList section */
	};
	rootObject = B2CF329E1A8B8119005A20FB /* Project object */;
}
